
Microsoft Visual Studio Solution File, Format Version 12.00
# Visual Studio Version 17
VisualStudioVersion = 17.5.002.0
MinimumVisualStudioVersion = 10.0.40219.1
Project("{2150E333-8FDC-42A3-9474-1A3956D46DE8}") = "tests", "tests", "{C21B0249-E352-4F81-92A6-8164C3DB9DDF}"
EndProject
Project("{9A19103F-16F7-4668-BE54-9A1E7A4F7556}") = "LanguageServer", "tests\LanguageServer\LanguageServer.csproj", "{1FA0A155-DC80-4BF5-8579-2B5D9D8029A8}"
EndProject
Project("{9A19103F-16F7-4668-BE54-9A1E7A4F7556}") = "Core", "tests\Core\Core.csproj", "{2D82871D-A2DD-45D7-BE1B-02DA3DB95370}"
EndProject
Project("{9A19103F-16F7-4668-BE54-9A1E7A4F7556}") = "CodeAnalysis", "tests\CodeAnalysis\CodeAnalysis.csproj", "{BA03CC25-365A-460E-BE81-128CFEC1310E}"
EndProject
Project("{9A19103F-16F7-4668-BE54-9A1E7A4F7556}") = "Fixtures", "tests\Fixtures\Fixtures.csproj", "{AC0F4A19-CD18-4EA7-A97A-212488F40252}"
EndProject
Project("{9A19103F-16F7-4668-BE54-9A1E7A4F7556}") = "Engine", "tests\Engine\Engine.csproj", "{00297FA4-125D-4CBD-BED3-22D9CC22AEE9}"
EndProject
Project("{2150E333-8FDC-42A3-9474-1A3956D46DE8}") = "src", "src", "{063D9B21-2D62-402C-A3F7-81A8A9CF8B25}"
EndProject
Project("{9A19103F-16F7-4668-BE54-9A1E7A4F7556}") = "Foreman.LanguageServer.Protocol", "src\Foreman.LanguageServer.Protocol\Foreman.LanguageServer.Protocol.csproj", "{B93E15EE-CA3C-409E-8D62-250AA561DC0F}"
EndProject
Project("{9A19103F-16F7-4668-BE54-9A1E7A4F7556}") = "Foreman.Console", "src\Foreman.Console\Foreman.Console.csproj", "{F4941E1A-1FAA-43C3-8507-866185686EB7}"
EndProject
Project("{9A19103F-16F7-4668-BE54-9A1E7A4F7556}") = "Foreman.LanguageServer", "src\Foreman.LanguageServer\Foreman.LanguageServer.csproj", "{6546E591-9EC3-4066-B7B8-03F431D71C08}"
EndProject
Project("{9A19103F-16F7-4668-BE54-9A1E7A4F7556}") = "Foreman.Engine", "src\Foreman.Engine\Foreman.Engine.csproj", "{CB1FC5BF-C96C-4FCD-B812-0838F5CFD34E}"
EndProject
Project("{9A19103F-16F7-4668-BE54-9A1E7A4F7556}") = "Foreman.CodeAnalysis", "src\Foreman.CodeAnalysis\Foreman.CodeAnalysis.csproj", "{78C27D00-BEF7-43EA-9730-71D26A2681F7}"
EndProject
Project("{9A19103F-16F7-4668-BE54-9A1E7A4F7556}") = "Foreman.Core", "src\Foreman.Core\Foreman.Core.csproj", "{7320B839-F3CD-41E9-9DDB-B62AEA3D982B}"
EndProject
Global
	GlobalSection(SolutionConfigurationPlatforms) = preSolution
		Debug|Any CPU = Debug|Any CPU
		Release|Any CPU = Release|Any CPU
	EndGlobalSection
	GlobalSection(ProjectConfigurationPlatforms) = postSolution
		{1FA0A155-DC80-4BF5-8579-2B5D9D8029A8}.Debug|Any CPU.ActiveCfg = Debug|Any CPU
		{1FA0A155-DC80-4BF5-8579-2B5D9D8029A8}.Debug|Any CPU.Build.0 = Debug|Any CPU
		{1FA0A155-DC80-4BF5-8579-2B5D9D8029A8}.Release|Any CPU.ActiveCfg = Release|Any CPU
		{1FA0A155-DC80-4BF5-8579-2B5D9D8029A8}.Release|Any CPU.Build.0 = Release|Any CPU
		{2D82871D-A2DD-45D7-BE1B-02DA3DB95370}.Debug|Any CPU.ActiveCfg = Debug|Any CPU
		{2D82871D-A2DD-45D7-BE1B-02DA3DB95370}.Debug|Any CPU.Build.0 = Debug|Any CPU
		{2D82871D-A2DD-45D7-BE1B-02DA3DB95370}.Release|Any CPU.ActiveCfg = Release|Any CPU
		{2D82871D-A2DD-45D7-BE1B-02DA3DB95370}.Release|Any CPU.Build.0 = Release|Any CPU
		{BA03CC25-365A-460E-BE81-128CFEC1310E}.Debug|Any CPU.ActiveCfg = Debug|Any CPU
		{BA03CC25-365A-460E-BE81-128CFEC1310E}.Debug|Any CPU.Build.0 = Debug|Any CPU
		{BA03CC25-365A-460E-BE81-128CFEC1310E}.Release|Any CPU.ActiveCfg = Release|Any CPU
		{BA03CC25-365A-460E-BE81-128CFEC1310E}.Release|Any CPU.Build.0 = Release|Any CPU
		{AC0F4A19-CD18-4EA7-A97A-212488F40252}.Debug|Any CPU.ActiveCfg = Debug|Any CPU
		{AC0F4A19-CD18-4EA7-A97A-212488F40252}.Debug|Any CPU.Build.0 = Debug|Any CPU
		{AC0F4A19-CD18-4EA7-A97A-212488F40252}.Release|Any CPU.ActiveCfg = Release|Any CPU
		{AC0F4A19-CD18-4EA7-A97A-212488F40252}.Release|Any CPU.Build.0 = Release|Any CPU
		{00297FA4-125D-4CBD-BED3-22D9CC22AEE9}.Debug|Any CPU.ActiveCfg = Debug|Any CPU
		{00297FA4-125D-4CBD-BED3-22D9CC22AEE9}.Debug|Any CPU.Build.0 = Debug|Any CPU
		{00297FA4-125D-4CBD-BED3-22D9CC22AEE9}.Release|Any CPU.ActiveCfg = Release|Any CPU
		{00297FA4-125D-4CBD-BED3-22D9CC22AEE9}.Release|Any CPU.Build.0 = Release|Any CPU
		{B93E15EE-CA3C-409E-8D62-250AA561DC0F}.Debug|Any CPU.ActiveCfg = Debug|Any CPU
		{B93E15EE-CA3C-409E-8D62-250AA561DC0F}.Debug|Any CPU.Build.0 = Debug|Any CPU
		{B93E15EE-CA3C-409E-8D62-250AA561DC0F}.Release|Any CPU.ActiveCfg = Release|Any CPU
		{B93E15EE-CA3C-409E-8D62-250AA561DC0F}.Release|Any CPU.Build.0 = Release|Any CPU
		{F4941E1A-1FAA-43C3-8507-866185686EB7}.Debug|Any CPU.ActiveCfg = Debug|Any CPU
		{F4941E1A-1FAA-43C3-8507-866185686EB7}.Debug|Any CPU.Build.0 = Debug|Any CPU
		{F4941E1A-1FAA-43C3-8507-866185686EB7}.Release|Any CPU.ActiveCfg = Release|Any CPU
		{F4941E1A-1FAA-43C3-8507-866185686EB7}.Release|Any CPU.Build.0 = Release|Any CPU
		{6546E591-9EC3-4066-B7B8-03F431D71C08}.Debug|Any CPU.ActiveCfg = Debug|Any CPU
		{6546E591-9EC3-4066-B7B8-03F431D71C08}.Debug|Any CPU.Build.0 = Debug|Any CPU
		{6546E591-9EC3-4066-B7B8-03F431D71C08}.Release|Any CPU.ActiveCfg = Release|Any CPU
		{6546E591-9EC3-4066-B7B8-03F431D71C08}.Release|Any CPU.Build.0 = Release|Any CPU
		{CB1FC5BF-C96C-4FCD-B812-0838F5CFD34E}.Debug|Any CPU.ActiveCfg = Debug|Any CPU
		{CB1FC5BF-C96C-4FCD-B812-0838F5CFD34E}.Debug|Any CPU.Build.0 = Debug|Any CPU
		{CB1FC5BF-C96C-4FCD-B812-0838F5CFD34E}.Release|Any CPU.ActiveCfg = Release|Any CPU
		{CB1FC5BF-C96C-4FCD-B812-0838F5CFD34E}.Release|Any CPU.Build.0 = Release|Any CPU
		{78C27D00-BEF7-43EA-9730-71D26A2681F7}.Debug|Any CPU.ActiveCfg = Debug|Any CPU
		{78C27D00-BEF7-43EA-9730-71D26A2681F7}.Debug|Any CPU.Build.0 = Debug|Any CPU
		{78C27D00-BEF7-43EA-9730-71D26A2681F7}.Release|Any CPU.ActiveCfg = Release|Any CPU
		{78C27D00-BEF7-43EA-9730-71D26A2681F7}.Release|Any CPU.Build.0 = Release|Any CPU
		{7320B839-F3CD-41E9-9DDB-B62AEA3D982B}.Debug|Any CPU.ActiveCfg = Debug|Any CPU
		{7320B839-F3CD-41E9-9DDB-B62AEA3D982B}.Debug|Any CPU.Build.0 = Debug|Any CPU
		{7320B839-F3CD-41E9-9DDB-B62AEA3D982B}.Release|Any CPU.ActiveCfg = Release|Any CPU
		{7320B839-F3CD-41E9-9DDB-B62AEA3D982B}.Release|Any CPU.Build.0 = Release|Any CPU
	EndGlobalSection
	GlobalSection(SolutionProperties) = preSolution
		HideSolutionNode = FALSE
	EndGlobalSection
	GlobalSection(NestedProjects) = preSolution
		{1FA0A155-DC80-4BF5-8579-2B5D9D8029A8} = {C21B0249-E352-4F81-92A6-8164C3DB9DDF}
		{2D82871D-A2DD-45D7-BE1B-02DA3DB95370} = {C21B0249-E352-4F81-92A6-8164C3DB9DDF}
		{BA03CC25-365A-460E-BE81-128CFEC1310E} = {C21B0249-E352-4F81-92A6-8164C3DB9DDF}
		{AC0F4A19-CD18-4EA7-A97A-212488F40252} = {C21B0249-E352-4F81-92A6-8164C3DB9DDF}
		{00297FA4-125D-4CBD-BED3-22D9CC22AEE9} = {C21B0249-E352-4F81-92A6-8164C3DB9DDF}
		{B93E15EE-CA3C-409E-8D62-250AA561DC0F} = {063D9B21-2D62-402C-A3F7-81A8A9CF8B25}
		{F4941E1A-1FAA-43C3-8507-866185686EB7} = {063D9B21-2D62-402C-A3F7-81A8A9CF8B25}
		{6546E591-9EC3-4066-B7B8-03F431D71C08} = {063D9B21-2D62-402C-A3F7-81A8A9CF8B25}
		{CB1FC5BF-C96C-4FCD-B812-0838F5CFD34E} = {063D9B21-2D62-402C-A3F7-81A8A9CF8B25}
		{78C27D00-BEF7-43EA-9730-71D26A2681F7} = {063D9B21-2D62-402C-A3F7-81A8A9CF8B25}
		{7320B839-F3CD-41E9-9DDB-B62AEA3D982B} = {063D9B21-2D62-402C-A3F7-81A8A9CF8B25}
	EndGlobalSection
	GlobalSection(ExtensibilityGlobals) = postSolution
		SolutionGuid = {CABAF575-8DB3-43D5-A741-2587E08FCA9D}
	EndGlobalSection
EndGlobal
